
Microsoft Visual Studio Solution File, Format Version 12.00
# Visual Studio Version 17
VisualStudioVersion = 17.2.32505.173
MinimumVisualStudioVersion = 10.0.40219.1
Project("{FAE04EC0-301F-11D3-BF4B-00C04F79EFBC}") = "crud 3.0", "crud 3.0\crud 3.0.csproj", "{D6D43B2F-4251-4F4E-AA4C-7167482BCB61}"
EndProject
Global
	GlobalSection(SolutionConfigurationPlatforms) = preSolution
		Debug|Any CPU = Debug|Any CPU
		Release|Any CPU = Release|Any CPU
	EndGlobalSection
	GlobalSection(ProjectConfigurationPlatforms) = postSolution
		{D6D43B2F-4251-4F4E-AA4C-7167482BCB61}.Debug|Any CPU.ActiveCfg = Debug|Any CPU
		{D6D43B2F-4251-4F4E-AA4C-7167482BCB61}.Debug|Any CPU.Build.0 = Debug|Any CPU
		{D6D43B2F-4251-4F4E-AA4C-7167482BCB61}.Release|Any CPU.ActiveCfg = Release|Any CPU
		{D6D43B2F-4251-4F4E-AA4C-7167482BCB61}.Release|Any CPU.Build.0 = Release|Any CPU
	EndGlobalSection
	GlobalSection(SolutionProperties) = preSolution
		HideSolutionNode = FALSE
	EndGlobalSection
	GlobalSection(ExtensibilityGlobals) = postSolution
		SolutionGuid = {52631680-FEE7-41F1-856F-90D681170300}
	EndGlobalSection
EndGlobal
