
Microsoft Visual Studio Solution File, Format Version 12.00
# Visual Studio Version 17
VisualStudioVersion = 17.2.32505.173
MinimumVisualStudioVersion = 10.0.40219.1
Project("{FAE04EC0-301F-11D3-BF4B-00C04F79EFBC}") = "Task", "Task\Task.csproj", "{0243D9E5-1BFF-41E1-895E-F92383AC506B}"
EndProject
Global
	GlobalSection(SolutionConfigurationPlatforms) = preSolution
		Debug|Any CPU = Debug|Any CPU
		Release|Any CPU = Release|Any CPU
	EndGlobalSection
	GlobalSection(ProjectConfigurationPlatforms) = postSolution
		{0243D9E5-1BFF-41E1-895E-F92383AC506B}.Debug|Any CPU.ActiveCfg = Debug|Any CPU
		{0243D9E5-1BFF-41E1-895E-F92383AC506B}.Debug|Any CPU.Build.0 = Debug|Any CPU
		{0243D9E5-1BFF-41E1-895E-F92383AC506B}.Release|Any CPU.ActiveCfg = Release|Any CPU
		{0243D9E5-1BFF-41E1-895E-F92383AC506B}.Release|Any CPU.Build.0 = Release|Any CPU
	EndGlobalSection
	GlobalSection(SolutionProperties) = preSolution
		HideSolutionNode = FALSE
	EndGlobalSection
	GlobalSection(ExtensibilityGlobals) = postSolution
		SolutionGuid = {23CDDCBD-3647-4842-BAA2-42C20AC4BAC0}
	EndGlobalSection
EndGlobal
