
Microsoft Visual Studio Solution File, Format Version 12.00
# Visual Studio Version 17
VisualStudioVersion = 17.2.32505.173
MinimumVisualStudioVersion = 10.0.40219.1
Project("{FAE04EC0-301F-11D3-BF4B-00C04F79EFBC}") = "Crud", "Crud\Crud.csproj", "{387A9EA3-4E69-4D67-A39E-A2F6D71BB995}"
EndProject
Global
	GlobalSection(SolutionConfigurationPlatforms) = preSolution
		Debug|Any CPU = Debug|Any CPU
		Release|Any CPU = Release|Any CPU
	EndGlobalSection
	GlobalSection(ProjectConfigurationPlatforms) = postSolution
		{387A9EA3-4E69-4D67-A39E-A2F6D71BB995}.Debug|Any CPU.ActiveCfg = Debug|Any CPU
		{387A9EA3-4E69-4D67-A39E-A2F6D71BB995}.Debug|Any CPU.Build.0 = Debug|Any CPU
		{387A9EA3-4E69-4D67-A39E-A2F6D71BB995}.Release|Any CPU.ActiveCfg = Release|Any CPU
		{387A9EA3-4E69-4D67-A39E-A2F6D71BB995}.Release|Any CPU.Build.0 = Release|Any CPU
	EndGlobalSection
	GlobalSection(SolutionProperties) = preSolution
		HideSolutionNode = FALSE
	EndGlobalSection
	GlobalSection(ExtensibilityGlobals) = postSolution
		SolutionGuid = {BA08AC09-D9BA-4161-9D21-19E27F5B512E}
	EndGlobalSection
EndGlobal
